
Microsoft Visual Studio Solution File, Format Version 12.00
# Visual Studio Version 17
VisualStudioVersion = 17.8.34408.163
MinimumVisualStudioVersion = 10.0.40219.1
Project("{FAE04EC0-301F-11D3-BF4B-00C04F79EFBC}") = "RareCrewProjectMVC", "RareCrewProjectMVC\RareCrewProjectMVC.csproj", "{BA056DE8-A323-48D9-80E8-BBEE8C176E88}"
EndProject
Global
	GlobalSection(SolutionConfigurationPlatforms) = preSolution
		Debug|Any CPU = Debug|Any CPU
		Release|Any CPU = Release|Any CPU
	EndGlobalSection
	GlobalSection(ProjectConfigurationPlatforms) = postSolution
		{BA056DE8-A323-48D9-80E8-BBEE8C176E88}.Debug|Any CPU.ActiveCfg = Debug|Any CPU
		{BA056DE8-A323-48D9-80E8-BBEE8C176E88}.Debug|Any CPU.Build.0 = Debug|Any CPU
		{BA056DE8-A323-48D9-80E8-BBEE8C176E88}.Release|Any CPU.ActiveCfg = Release|Any CPU
		{BA056DE8-A323-48D9-80E8-BBEE8C176E88}.Release|Any CPU.Build.0 = Release|Any CPU
	EndGlobalSection
	GlobalSection(SolutionProperties) = preSolution
		HideSolutionNode = FALSE
	EndGlobalSection
	GlobalSection(ExtensibilityGlobals) = postSolution
		SolutionGuid = {DDAAC9CB-EE77-475C-9DCF-059CA09ED3A7}
	EndGlobalSection
EndGlobal
